// !$*UTF8*$!
{
	archiveVersion = 1;
	classes = {
	};
	objectVersion = 46;
	objects = {

/* Begin PBXBuildFile section */
		52F2A09D1CDFB53B00B7D319 /* main.cpp in Sources */ = {isa = PBXBuildFile; fileRef = 52F2A09C1CDFB53B00B7D319 /* main.cpp */; };
		52F2A0A51CDFB5CD00B7D319 /* ProtectedClass.cpp in Sources */ = {isa = PBXBuildFile; fileRef = 52F2A0A31CDFB5CD00B7D319 /* ProtectedClass.cpp */; };
		52F2A0A81CDFB6DD00B7D319 /* PublicClass.cpp in Sources */ = {isa = PBXBuildFile; fileRef = 52F2A0A61CDFB6DD00B7D319 /* PublicClass.cpp */; };
/* End PBXBuildFile section */

/* Begin PBXCopyFilesBuildPhase section */
		52F2A0971CDFB53B00B7D319 /* CopyFiles */ = {
			isa = PBXCopyFilesBuildPhase;
			buildActionMask = 2147483647;
			dstPath = /usr/share/man/man1/;
			dstSubfolderSpec = 0;
			files = (
			);
			runOnlyForDeploymentPostprocessing = 1;
		};
/* End PBXCopyFilesBuildPhase section */

/* Begin PBXFileReference section */
		52F2A0991CDFB53B00B7D319 /* ProtectedConstructors */ = {isa = PBXFileReference; explicitFileType = "compiled.mach-o.executable"; includeInIndex = 0; path = ProtectedConstructors; sourceTree = BUILT_PRODUCTS_DIR; };
		52F2A09C1CDFB53B00B7D319 /* main.cpp */ = {isa = PBXFileReference; lastKnownFileType = sourcecode.cpp.cpp; path = main.cpp; sourceTree = "<group>"; };
		52F2A0A31CDFB5CD00B7D319 /* ProtectedClass.cpp */ = {isa = PBXFileReference; fileEncoding = 4; lastKnownFileType = sourcecode.cpp.cpp; path = ProtectedClass.cpp; sourceTree = "<group>"; };
		52F2A0A41CDFB5CD00B7D319 /* ProtectedClass.hpp */ = {isa = PBXFileReference; fileEncoding = 4; lastKnownFileType = sourcecode.cpp.h; path = ProtectedClass.hpp; sourceTree = "<group>"; };
		52F2A0A61CDFB6DD00B7D319 /* PublicClass.cpp */ = {isa = PBXFileReference; fileEncoding = 4; lastKnownFileType = sourcecode.cpp.cpp; path = PublicClass.cpp; sourceTree = "<group>"; };
		52F2A0A71CDFB6DD00B7D319 /* PublicClass.hpp */ = {isa = PBXFileReference; fileEncoding = 4; lastKnownFileType = sourcecode.cpp.h; path = PublicClass.hpp; sourceTree = "<group>"; };
/* End PBXFileReference section */

/* Begin PBXFrameworksBuildPhase section */
		52F2A0961CDFB53B00B7D319 /* Frameworks */ = {
			isa = PBXFrameworksBuildPhase;
			buildActionMask = 2147483647;
			files = (
			);
			runOnlyForDeploymentPostprocessing = 0;
		};
/* End PBXFrameworksBuildPhase section */

/* Begin PBXGroup section */
		52F2A0901CDFB53B00B7D319 = {
			isa = PBXGroup;
			children = (
				52F2A09B1CDFB53B00B7D319 /* ProtectedConstructors */,
				52F2A09A1CDFB53B00B7D319 /* Products */,
			);
			sourceTree = "<group>";
		};
		52F2A09A1CDFB53B00B7D319 /* Products */ = {
			isa = PBXGroup;
			children = (
				52F2A0991CDFB53B00B7D319 /* ProtectedConstructors */,
			);
			name = Products;
			sourceTree = "<group>";
		};
		52F2A09B1CDFB53B00B7D319 /* ProtectedConstructors */ = {
			isa = PBXGroup;
			children = (
				52F2A09C1CDFB53B00B7D319 /* main.cpp */,
				52F2A0A31CDFB5CD00B7D319 /* ProtectedClass.cpp */,
				52F2A0A41CDFB5CD00B7D319 /* ProtectedClass.hpp */,
				52F2A0A61CDFB6DD00B7D319 /* PublicClass.cpp */,
				52F2A0A71CDFB6DD00B7D319 /* PublicClass.hpp */,
			);
			path = ProtectedConstructors;
			sourceTree = "<group>";
		};
/* End PBXGroup section */

/* Begin PBXNativeTarget section */
		52F2A0981CDFB53B00B7D319 /* ProtectedConstructors */ = {
			isa = PBXNativeTarget;
			buildConfigurationList = 52F2A0A01CDFB53B00B7D319 /* Build configuration list for PBXNativeTarget "ProtectedConstructors" */;
			buildPhases = (
				52F2A0951CDFB53B00B7D319 /* Sources */,
				52F2A0961CDFB53B00B7D319 /* Frameworks */,
				52F2A0971CDFB53B00B7D319 /* CopyFiles */,
			);
			buildRules = (
			);
			dependencies = (
			);
			name = ProtectedConstructors;
			productName = ProtectedConstructors;
			productReference = 52F2A0991CDFB53B00B7D319 /* ProtectedConstructors */;
			productType = "com.apple.product-type.tool";
		};
/* End PBXNativeTarget section */

/* Begin PBXProject section */
		52F2A0911CDFB53B00B7D319 /* Project object */ = {
			isa = PBXProject;
			attributes = {
				LastUpgradeCheck = 0730;
				ORGANIZATIONNAME = "John Ahrens";
				TargetAttributes = {
					52F2A0981CDFB53B00B7D319 = {
						CreatedOnToolsVersion = 7.3.1;
					};
				};
			};
			buildConfigurationList = 52F2A0941CDFB53B00B7D319 /* Build configuration list for PBXProject "ProtectedConstructors" */;
			compatibilityVersion = "Xcode 3.2";
			developmentRegion = English;
			hasScannedForEncodings = 0;
			knownRegions = (
				en,
			);
			mainGroup = 52F2A0901CDFB53B00B7D319;
			productRefGroup = 52F2A09A1CDFB53B00B7D319 /* Products */;
			projectDirPath = "";
			projectRoot = "";
			targets = (
				52F2A0981CDFB53B00B7D319 /* ProtectedConstructors */,
			);
		};
/* End PBXProject section */

/* Begin PBXSourcesBuildPhase section */
		52F2A0951CDFB53B00B7D319 /* Sources */ = {
			isa = PBXSourcesBuildPhase;
			buildActionMask = 2147483647;
			files = (
				52F2A09D1CDFB53B00B7D319 /* main.cpp in Sources */,
				52F2A0A81CDFB6DD00B7D319 /* PublicClass.cpp in Sources */,
				52F2A0A51CDFB5CD00B7D319 /* ProtectedClass.cpp in Sources */,
			);
			runOnlyForDeploymentPostprocessing = 0;
		};
/* End PBXSourcesBuildPhase section */

/* Begin XCBuildConfiguration section */
		52F2A09E1CDFB53B00B7D319 /* Debug */ = {
			isa = XCBuildConfiguration;
			buildSettings = {
				ALWAYS_SEARCH_USER_PATHS = NO;
				CLANG_ANALYZER_NONNULL = YES;
				CLANG_CXX_LANGUAGE_STANDARD = "gnu++0x";
				CLANG_CXX_LIBRARY = "libc++";
				CLANG_ENABLE_MODULES = YES;
				CLANG_ENABLE_OBJC_ARC = YES;
				CLANG_WARN_BOOL_CONVERSION = YES;
				CLANG_WARN_CONSTANT_CONVERSION = YES;
				CLANG_WARN_DIRECT_OBJC_ISA_USAGE = YES_ERROR;
				CLANG_WARN_EMPTY_BODY = YES;
				CLANG_WARN_ENUM_CONVERSION = YES;
				CLANG_WARN_INT_CONVERSION = YES;
				CLANG_WARN_OBJC_ROOT_CLASS = YES_ERROR;
				CLANG_WARN_UNREACHABLE_CODE = YES;
				CLANG_WARN__DUPLICATE_METHOD_MATCH = YES;
				CODE_SIGN_IDENTITY = "-";
				COPY_PHASE_STRIP = NO;
				DEBUG_INFORMATION_FORMAT = dwarf;
				ENABLE_STRICT_OBJC_MSGSEND = YES;
				ENABLE_TESTABILITY = YES;
				GCC_C_LANGUAGE_STANDARD = gnu99;
				GCC_DYNAMIC_NO_PIC = NO;
				GCC_NO_COMMON_BLOCKS = YES;
				GCC_OPTIMIZATION_LEVEL = 0;
				GCC_PREPROCESSOR_DEFINITIONS = (
					"DEBUG=1",
					"$(inherited)",
				);
				GCC_WARN_64_TO_32_BIT_CONVERSION = YES;
				GCC_WARN_ABOUT_RETURN_TYPE = YES_ERROR;
				GCC_WARN_UNDECLARED_SELECTOR = YES;
				GCC_WARN_UNINITIALIZED_AUTOS = YES_AGGRESSIVE;
				GCC_WARN_UNUSED_FUNCTION = YES;
				GCC_WARN_UNUSED_VARIABLE = YES;
				MACOSX_DEPLOYMENT_TARGET = 10.11;
				MTL_ENABLE_DEBUG_INFO = YES;
				ONLY_ACTIVE_ARCH = YES;
				SDKROOT = macosx;
			};
			name = Debug;
		};
		52F2A09F1CDFB53B00B7D319 /* Release */ = {
			isa = XCBuildConfiguration;
			buildSettings = {
				ALWAYS_SEARCH_USER_PATHS = NO;
				CLANG_ANALYZER_NONNULL = YES;
				CLANG_CXX_LANGUAGE_STANDARD = "gnu++0x";
				CLANG_CXX_LIBRARY = "libc++";
				CLANG_ENABLE_MODULES = YES;
				CLANG_ENABLE_OBJC_ARC = YES;
				CLANG_WARN_BOOL_CONVERSION = YES;
				CLANG_WARN_CONSTANT_CONVERSION = YES;
				CLANG_WARN_DIRECT_OBJC_ISA_USAGE = YES_ERROR;
				CLANG_WARN_EMPTY_BODY = YES;
				CLANG_WARN_ENUM_CONVERSION = YES;
				CLANG_WARN_INT_CONVERSION = YES;
				CLANG_WARN_OBJC_ROOT_CLASS = YES_ERROR;
				CLANG_WARN_UNREACHABLE_CODE = YES;
				CLANG_WARN__DUPLICATE_METHOD_MATCH = YES;
				CODE_SIGN_IDENTITY = "-";
				COPY_PHASE_STRIP = NO;
				DEBUG_INFORMATION_FORMAT = "dwarf-with-dsym";
				ENABLE_NS_ASSERTIONS = NO;
				ENABLE_STRICT_OBJC_MSGSEND = YES;
				GCC_C_LANGUAGE_STANDARD = gnu99;
				GCC_NO_COMMON_BLOCKS = YES;
				GCC_WARN_64_TO_32_BIT_CONVERSION = YES;
				GCC_WARN_ABOUT_RETURN_TYPE = YES_ERROR;
				GCC_WARN_UNDECLARED_SELECTOR = YES;
				GCC_WARN_UNINITIALIZED_AUTOS = YES_AGGRESSIVE;
				GCC_WARN_UNUSED_FUNCTION = YES;
				GCC_WARN_UNUSED_VARIABLE = YES;
				MACOSX_DEPLOYMENT_TARGET = 10.11;
				MTL_ENABLE_DEBUG_INFO = NO;
				SDKROOT = macosx;
			};
			name = Release;
		};
		52F2A0A11CDFB53B00B7D319 /* Debug */ = {
			isa = XCBuildConfiguration;
			buildSettings = {
				PRODUCT_NAME = "$(TARGET_NAME)";
			};
			name = Debug;
		};
		52F2A0A21CDFB53B00B7D319 /* Release */ = {
			isa = XCBuildConfiguration;
			buildSettings = {
				PRODUCT_NAME = "$(TARGET_NAME)";
			};
			name = Release;
		};
/* End XCBuildConfiguration section */

/* Begin XCConfigurationList section */
		52F2A0941CDFB53B00B7D319 /* Build configuration list for PBXProject "ProtectedConstructors" */ = {
			isa = XCConfigurationList;
			buildConfigurations = (
				52F2A09E1CDFB53B00B7D319 /* Debug */,
				52F2A09F1CDFB53B00B7D319 /* Release */,
			);
			defaultConfigurationIsVisible = 0;
			defaultConfigurationName = Release;
		};
		52F2A0A01CDFB53B00B7D319 /* Build configuration list for PBXNativeTarget "ProtectedConstructors" */ = {
			isa = XCConfigurationList;
			buildConfigurations = (
				52F2A0A11CDFB53B00B7D319 /* Debug */,
				52F2A0A21CDFB53B00B7D319 /* Release */,
			);
			defaultConfigurationIsVisible = 0;
		};
/* End XCConfigurationList section */
	};
	rootObject = 52F2A0911CDFB53B00B7D319 /* Project object */;
}
